
Microsoft Visual Studio Solution File, Format Version 12.00
# Visual Studio Version 17
VisualStudioVersion = 17.5.33516.290
MinimumVisualStudioVersion = 10.0.40219.1
Project("{FAE04EC0-301F-11D3-BF4B-00C04F79EFBC}") = "Produtos", "Produtos\Produtos.csproj", "{73DBC39E-1A89-4778-9F92-4FFC5750C0BF}"
EndProject
Global
	GlobalSection(SolutionConfigurationPlatforms) = preSolution
		Debug|Any CPU = Debug|Any CPU
		Release|Any CPU = Release|Any CPU
	EndGlobalSection
	GlobalSection(ProjectConfigurationPlatforms) = postSolution
		{73DBC39E-1A89-4778-9F92-4FFC5750C0BF}.Debug|Any CPU.ActiveCfg = Debug|Any CPU
		{73DBC39E-1A89-4778-9F92-4FFC5750C0BF}.Debug|Any CPU.Build.0 = Debug|Any CPU
		{73DBC39E-1A89-4778-9F92-4FFC5750C0BF}.Release|Any CPU.ActiveCfg = Release|Any CPU
		{73DBC39E-1A89-4778-9F92-4FFC5750C0BF}.Release|Any CPU.Build.0 = Release|Any CPU
	EndGlobalSection
	GlobalSection(SolutionProperties) = preSolution
		HideSolutionNode = FALSE
	EndGlobalSection
	GlobalSection(ExtensibilityGlobals) = postSolution
		SolutionGuid = {6C07473E-5F88-42AE-B910-9597CFA9AA29}
	EndGlobalSection
EndGlobal
